{
    "_meta": {
        "hash": {
            "sha256": "8d305df944e24a30a4befc2035d13f4e466239a34c22c8859b5e09d9721ca6e2"
        },
        "pipfile-spec": 6,
        "requires": {
            "python_full_version": "3.12.8",
            "python_version": "3.12"
        },
        "sources": [
            {
                "name": "pypi",
                "url": "https://pypi.org/simple",
                "verify_ssl": true
            }
        ]
    },
    "default": {
        "customtkinter": {
            "hashes": [
                "sha256:14ad3e7cd3cb3b9eb642b9d4e8711ae80d3f79fb82545ad11258eeffb2e6b37c",
                "sha256:fd8db3bafa961c982ee6030dba80b4c2e25858630756b513986db19113d8d207"
            ],
            "index": "pypi",
            "markers": "python_version >= '3.7'",
            "version": "==5.2.2"
        },
        "darkdetect": {
            "hashes": [
                "sha256:a7509ccf517eaad92b31c214f593dbcf138ea8a43b2935406bbd565e15527a85",
                "sha256:b5428e1170263eb5dea44c25dc3895edd75e6f52300986353cd63533fe7df8b1"
            ],
            "markers": "python_version >= '3.6'",
            "version": "==0.8.0"
        },
        "mouseinfo": {
            "hashes": [
                "sha256:2c62fb8885062b8e520a3cce0a297c657adcc08c60952eb05bc8256ef6f7f6e7"
            ],
            "version": "==0.1.3"
        },
        "packaging": {
            "hashes": [
                "sha256:09abb1bccd265c01f4a3aa3f7a7db064b36514d2cba19a2f694fe6150451a759",
                "sha256:c228a6dc5e932d346bc5739379109d49e8853dd8223571c7c5b55260edc0b97f"
            ],
            "markers": "python_version >= '3.8'",
            "version": "==24.2"
        },
        "pillow": {
            "hashes": [
                "sha256:015c6e863faa4779251436db398ae75051469f7c903b043a48f078e437656f83",
                "sha256:0a2f91f8a8b367e7a57c6e91cd25af510168091fb89ec5146003e424e1558a96",
                "sha256:11633d58b6ee5733bde153a8dafd25e505ea3d32e261accd388827ee987baf65",
                "sha256:2062ffb1d36544d42fcaa277b069c88b01bb7298f4efa06731a7fd6cc290b81a",
                "sha256:31eba6bbdd27dde97b0174ddf0297d7a9c3a507a8a1480e1e60ef914fe23d352",
                "sha256:3362c6ca227e65c54bf71a5f88b3d4565ff1bcbc63ae72c34b07bbb1cc59a43f",
                "sha256:368da70808b36d73b4b390a8ffac11069f8a5c85f29eff1f1b01bcf3ef5b2a20",
                "sha256:36ba10b9cb413e7c7dfa3e189aba252deee0602c86c309799da5a74009ac7a1c",
                "sha256:3764d53e09cdedd91bee65c2527815d315c6b90d7b8b79759cc48d7bf5d4f114",
                "sha256:3a5fe20a7b66e8135d7fd617b13272626a28278d0e578c98720d9ba4b2439d49",
                "sha256:3cdcdb0b896e981678eee140d882b70092dac83ac1cdf6b3a60e2216a73f2b91",
                "sha256:4637b88343166249fe8aa94e7c4a62a180c4b3898283bb5d3d2fd5fe10d8e4e0",
                "sha256:4db853948ce4e718f2fc775b75c37ba2efb6aaea41a1a5fc57f0af59eee774b2",
                "sha256:4dd43a78897793f60766563969442020e90eb7847463eca901e41ba186a7d4a5",
                "sha256:54251ef02a2309b5eec99d151ebf5c9904b77976c8abdcbce7891ed22df53884",
                "sha256:54ce1c9a16a9561b6d6d8cb30089ab1e5eb66918cb47d457bd996ef34182922e",
                "sha256:593c5fd6be85da83656b93ffcccc2312d2d149d251e98588b14fbc288fd8909c",
                "sha256:5bb94705aea800051a743aa4874bb1397d4695fb0583ba5e425ee0328757f196",
                "sha256:67cd427c68926108778a9005f2a04adbd5e67c442ed21d95389fe1d595458756",
                "sha256:70ca5ef3b3b1c4a0812b5c63c57c23b63e53bc38e758b37a951e5bc466449861",
                "sha256:73ddde795ee9b06257dac5ad42fcb07f3b9b813f8c1f7f870f402f4dc54b5269",
                "sha256:758e9d4ef15d3560214cddbc97b8ef3ef86ce04d62ddac17ad39ba87e89bd3b1",
                "sha256:7d33d2fae0e8b170b6a6c57400e077412240f6f5bb2a342cf1ee512a787942bb",
                "sha256:7fdadc077553621911f27ce206ffcbec7d3f8d7b50e0da39f10997e8e2bb7f6a",
                "sha256:8000376f139d4d38d6851eb149b321a52bb8893a88dae8ee7d95840431977081",
                "sha256:837060a8599b8f5d402e97197d4924f05a2e0d68756998345c829c33186217b1",
                "sha256:89dbdb3e6e9594d512780a5a1c42801879628b38e3efc7038094430844e271d8",
                "sha256:8c730dc3a83e5ac137fbc92dfcfe1511ce3b2b5d7578315b63dbbb76f7f51d90",
                "sha256:8e275ee4cb11c262bd108ab2081f750db2a1c0b8c12c1897f27b160c8bd57bbc",
                "sha256:9044b5e4f7083f209c4e35aa5dd54b1dd5b112b108648f5c902ad586d4f945c5",
                "sha256:93a18841d09bcdd774dcdc308e4537e1f867b3dec059c131fde0327899734aa1",
                "sha256:9409c080586d1f683df3f184f20e36fb647f2e0bc3988094d4fd8c9f4eb1b3b3",
                "sha256:96f82000e12f23e4f29346e42702b6ed9a2f2fea34a740dd5ffffcc8c539eb35",
                "sha256:9aa9aeddeed452b2f616ff5507459e7bab436916ccb10961c4a382cd3e03f47f",
                "sha256:9ee85f0696a17dd28fbcfceb59f9510aa71934b483d1f5601d1030c3c8304f3c",
                "sha256:a07dba04c5e22824816b2615ad7a7484432d7f540e6fa86af60d2de57b0fcee2",
                "sha256:a3cd561ded2cf2bbae44d4605837221b987c216cff94f49dfeed63488bb228d2",
                "sha256:a697cd8ba0383bba3d2d3ada02b34ed268cb548b369943cd349007730c92bddf",
                "sha256:a76da0a31da6fcae4210aa94fd779c65c75786bc9af06289cd1c184451ef7a65",
                "sha256:a85b653980faad27e88b141348707ceeef8a1186f75ecc600c395dcac19f385b",
                "sha256:a8d65b38173085f24bc07f8b6c505cbb7418009fa1a1fcb111b1f4961814a442",
                "sha256:aa8dd43daa836b9a8128dbe7d923423e5ad86f50a7a14dc688194b7be5c0dea2",
                "sha256:ab8a209b8485d3db694fa97a896d96dd6533d63c22829043fd9de627060beade",
                "sha256:abc56501c3fd148d60659aae0af6ddc149660469082859fa7b066a298bde9482",
                "sha256:ad5db5781c774ab9a9b2c4302bbf0c1014960a0a7be63278d13ae6fdf88126fe",
                "sha256:ae98e14432d458fc3de11a77ccb3ae65ddce70f730e7c76140653048c71bfcbc",
                "sha256:b20be51b37a75cc54c2c55def3fa2c65bb94ba859dde241cd0a4fd302de5ae0a",
                "sha256:b523466b1a31d0dcef7c5be1f20b942919b62fd6e9a9be199d035509cbefc0ec",
                "sha256:b5d658fbd9f0d6eea113aea286b21d3cd4d3fd978157cbf2447a6035916506d3",
                "sha256:b6123aa4a59d75f06e9dd3dac5bf8bc9aa383121bb3dd9a7a612e05eabc9961a",
                "sha256:bd165131fd51697e22421d0e467997ad31621b74bfc0b75956608cb2906dda07",
                "sha256:bf902d7413c82a1bfa08b06a070876132a5ae6b2388e2712aab3a7cbc02205c6",
                "sha256:c12fc111ef090845de2bb15009372175d76ac99969bdf31e2ce9b42e4b8cd88f",
                "sha256:c1eec9d950b6fe688edee07138993e54ee4ae634c51443cfb7c1e7613322718e",
                "sha256:c640e5a06869c75994624551f45e5506e4256562ead981cce820d5ab39ae2192",
                "sha256:cc1331b6d5a6e144aeb5e626f4375f5b7ae9934ba620c0ac6b3e43d5e683a0f0",
                "sha256:cfd5cd998c2e36a862d0e27b2df63237e67273f2fc78f47445b14e73a810e7e6",
                "sha256:d3d8da4a631471dfaf94c10c85f5277b1f8e42ac42bade1ac67da4b4a7359b73",
                "sha256:d44ff19eea13ae4acdaaab0179fa68c0c6f2f45d66a4d8ec1eda7d6cecbcc15f",
                "sha256:dd0052e9db3474df30433f83a71b9b23bd9e4ef1de13d92df21a52c0303b8ab6",
                "sha256:dd0e081319328928531df7a0e63621caf67652c8464303fd102141b785ef9547",
                "sha256:dda60aa465b861324e65a78c9f5cf0f4bc713e4309f83bc387be158b077963d9",
                "sha256:e06695e0326d05b06833b40b7ef477e475d0b1ba3a6d27da1bb48c23209bf457",
                "sha256:e1abe69aca89514737465752b4bcaf8016de61b3be1397a8fc260ba33321b3a8",
                "sha256:e267b0ed063341f3e60acd25c05200df4193e15a4a5807075cd71225a2386e26",
                "sha256:e5449ca63da169a2e6068dd0e2fcc8d91f9558aba89ff6d02121ca8ab11e79e5",
                "sha256:e63e4e5081de46517099dc30abe418122f54531a6ae2ebc8680bcd7096860eab",
                "sha256:f189805c8be5ca5add39e6f899e6ce2ed824e65fb45f3c28cb2841911da19070",
                "sha256:f7955ecf5609dee9442cbface754f2c6e541d9e6eda87fad7f7a989b0bdb9d71",
                "sha256:f86d3a7a9af5d826744fabf4afd15b9dfef44fe69a98541f666f66fbb8d3fef9",
                "sha256:fbd43429d0d7ed6533b25fc993861b8fd512c42d04514a0dd6337fb3ccf22761"
            ],
            "markers": "python_version >= '3.9'",
            "version": "==11.1.0"
        },
        "pyautogui": {
            "hashes": [
                "sha256:dd1d29e8fd118941cb193f74df57e5c6ff8e9253b99c7b04f39cfc69f3ae04b2"
            ],
            "index": "pypi",
            "version": "==0.9.54"
        },
        "pygetwindow": {
            "hashes": [
                "sha256:17894355e7d2b305cd832d717708384017c1698a90ce24f6f7fbf0242dd0a688"
            ],
            "version": "==0.0.9"
        },
        "pymsgbox": {
            "hashes": [
                "sha256:2194227de8bff7a3d6da541848705a155dcbb2a06ee120d9f280a1d7f51263ff"
            ],
            "version": "==1.0.9"
        },
        "pyperclip": {
            "hashes": [
                "sha256:b7de0142ddc81bfc5c7507eea19da920b92252b548b96186caf94a5e2527d310"
            ],
            "version": "==1.9.0"
        },
        "pyqt6": {
            "hashes": [
                "sha256:0425f9eebdd5d4e57ab36424c9382f2ea06670c3c550fa0028c2b19bd0a1d7bd",
                "sha256:2eac2267a34828b8db7660dd3cc3b3b5fd76a92e61ad45471565b01221cb558b",
                "sha256:36bf48e3df3a6ff536e703315d155480ef4e260396eb5469eb7a875bc5bb7ab4",
                "sha256:70bad7b890a8f9e9e5fb9598c544b832d9d9d99a9519e0009cb29c1e15e96632",
                "sha256:91d937d6166274fafd70f4dee11a8da6dbfdb0da53de05f5d62361ddf775e256",
                "sha256:a40f878e8e5eeeb0bba995152d07eeef9375ea0116df0f4aad0a6b97c8ad1175"
            ],
            "index": "pypi",
            "markers": "python_version >= '3.9'",
            "version": "==6.8.1"
        },
        "pyqt6-qt6": {
            "hashes": [
                "sha256:28e2bb641f05b01e498503c3ef01c8a919d6e0e96b50230301c0baac2b7d1433",
                "sha256:40cda901a3e1617e79225c354fe9d89b80249f0a6c6aaa18b40938e05bbf7d1f",
                "sha256:470dd4211fe5a67b0565e0202e7aa67816e5dcf7d713528b88327adaebd0934e",
                "sha256:5970c85d22cbe5c476418994549161b23ed938e25b04fc4ca8fabf6dcac7b03f",
                "sha256:912afdddd0dfc666ce1c16bc4695e2acd680db72343e4f7a2b7c053a0146b4bc",
                "sha256:fb6d0acdd7d43c33fb8b9d2dd7922d381cdedd00da316049fbe01fc1973e6f05"
            ],
            "version": "==6.8.2"
        },
        "pyqt6-sip": {
            "hashes": [
                "sha256:0422781c77b85eefd7a26f104c5998ede178a16b0fd35212664250215b6e5e4c",
                "sha256:079bb946edc3960f08d92b3a8eebff55d3abb51bc2a0583b6683dfd9f77a616a",
                "sha256:0fcb30756568f8cd59290f9ef2ae5ee3e72ff9cdd61a6f80c9e3d3b95ae676be",
                "sha256:21417ffd2c489afef114cb09683bbc0fb24d78df848a21fc0d09e70ecbb0a4a4",
                "sha256:2d579d810d0047d40bde9c6aef281d6ed218db93c9496ebc9e55b9e6f27a229d",
                "sha256:39cba2cc71cf80a99b4dc8147b43508d4716e128f9fb99f5eb5860a37f082282",
                "sha256:466d6b4791973c9fcbdc2e0087ed194b9ea802a8c3948867a849498f0841c70c",
                "sha256:48791db2914fc39c3218519a02d2a5fd3fcd354a1be3141a57bf2880701486f2",
                "sha256:548c70bc40d993be0eb011e1bbc41ba7c95f6af375613b58217f39ad8d703345",
                "sha256:571900c44a3e38738d696234d94fe2043972b9de0633505451c99e2922cb6a34",
                "sha256:5f026a1278f9c2a745542d4a05350f2392d4cf339275fb8efccb47b0f213d120",
                "sha256:6e1b1f7a29290afc83bcd9970e0cffa2d0da87d81796b6eab7b6f583e4f49652",
                "sha256:6e78fb8036b18f6258a1af0956c5a3cec1dd3d8dd5196ecd89a31b529bf40e82",
                "sha256:757ac52c92b2ef0b56ecc7cd763b55a62d3c14271d7ea8d03315af85a70090ff",
                "sha256:7b6e250c2e7c14702a623f2cc1479d7fb8db2b6eee9697cac10d06fe79c281bb",
                "sha256:90974f5dbba1f5d1d2ca9b1cfdfd5258e5e3cfacead03f0df674d54c69973ea7",
                "sha256:ad573184fa8b00041944e5a17d150ab0d08db2d2189e39c9373574ebab3f2e58",
                "sha256:ae15358941f127cd3d1ab09c1ebd45c4dabb0b2e91587b9eebde0279d0039c54",
                "sha256:bbefd5539eeda4dec37e8b6dfc362ba240ec31279060336bcceaff572807dac8",
                "sha256:d27a3fed2a461f179d3cde6a74530fbad629ccaa66ed739b9544fda1932887af",
                "sha256:d6daa95a0bd315d9ec523b549e0ce97455f61ded65d5eafecd83ed2aa4ae5350",
                "sha256:e19d5887fa3003a635419644dfed3158cb15eb566fc27b1ed56913a5767a71dc",
                "sha256:e7b1258963717cfae1d30e262bb784db808072a8a674d98f57c2076caaa50499",
                "sha256:f64183dde2af36515dab515f4301a5a8d9b3658b231769fa48fe6287dc52f375"
            ],
            "markers": "python_version >= '3.9'",
            "version": "==13.10.0"
        },
        "pyrect": {
            "hashes": [
                "sha256:f65155f6df9b929b67caffbd57c0947c5ae5449d3b580d178074bffb47a09b78"
            ],
            "version": "==0.2.0"
        },
        "pyscreeze": {
            "hashes": [
                "sha256:cf1662710f1b46aa5ff229ee23f367da9e20af4a78e6e365bee973cad0ead4be"
            ],
            "version": "==1.0.1"
        },
        "python3-xlib": {
            "hashes": [
                "sha256:dc4245f3ae4aa5949c1d112ee4723901ade37a96721ba9645f2bfa56e5b383f8"
            ],
            "markers": "platform_system == 'Linux' and python_version >= '3.0'",
            "version": "==0.15"
        },
        "pytweening": {
            "hashes": [
                "sha256:243318b7736698066c5f362ec5c2b6434ecf4297c3c8e7caa8abfe6af4cac71b"
            ],
            "version": "==1.2.0"
        },
        "pyzmq": {
            "hashes": [
                "sha256:000760e374d6f9d1a3478a42ed0c98604de68c9e94507e5452951e598ebecfba",
                "sha256:004837cb958988c75d8042f5dac19a881f3d9b3b75b2f574055e22573745f841",
                "sha256:0250c94561f388db51fd0213cdccbd0b9ef50fd3c57ce1ac937bf3034d92d72e",
                "sha256:03719e424150c6395b9513f53a5faadcc1ce4b92abdf68987f55900462ac7eec",
                "sha256:0995fd3530f2e89d6b69a2202e340bbada3191014352af978fa795cb7a446331",
                "sha256:099b56ef464bc355b14381f13355542e452619abb4c1e57a534b15a106bf8e23",
                "sha256:09dac387ce62d69bec3f06d51610ca1d660e7849eb45f68e38e7f5cf1f49cbcb",
                "sha256:0b2007f28ce1b8acebdf4812c1aab997a22e57d6a73b5f318b708ef9bcabbe95",
                "sha256:0b6a93d684278ad865fc0b9e89fe33f6ea72d36da0e842143891278ff7fd89c3",
                "sha256:0f50db737d688e96ad2a083ad2b453e22865e7e19c7f17d17df416e91ddf67eb",
                "sha256:100a826a029c8ef3d77a1d4c97cbd6e867057b5806a7276f2bac1179f893d3bf",
                "sha256:1238c2448c58b9c8d6565579393148414a42488a5f916b3f322742e561f6ae0d",
                "sha256:160194d1034902937359c26ccfa4e276abffc94937e73add99d9471e9f555dd6",
                "sha256:17d72a74e5e9ff3829deb72897a175333d3ef5b5413948cae3cf7ebf0b02ecca",
                "sha256:17f88622b848805d3f6427ce1ad5a2aa3cf61f12a97e684dab2979802024d460",
                "sha256:1c6ae0e95d0a4b0cfe30f648a18e764352d5415279bdf34424decb33e79935b8",
                "sha256:1c84c1297ff9f1cd2440da4d57237cb74be21fdfe7d01a10810acba04e79371a",
                "sha256:1fd4b3efc6f62199886440d5e27dd3ccbcb98dfddf330e7396f1ff421bfbb3c2",
                "sha256:25e720dba5b3a3bb2ad0ad5d33440babd1b03438a7a5220511d0c8fa677e102e",
                "sha256:269c14904da971cb5f013100d1aaedb27c0a246728c341d5d61ddd03f463f2f3",
                "sha256:290c96f479504439b6129a94cefd67a174b68ace8a8e3f551b2239a64cfa131a",
                "sha256:2d88ba221a07fc2c5581565f1d0fe8038c15711ae79b80d9462e080a1ac30435",
                "sha256:2e1eb9d2bfdf5b4e21165b553a81b2c3bd5be06eeddcc4e08e9692156d21f1f6",
                "sha256:31fff709fef3b991cfe7189d2cfe0c413a1d0e82800a182cfa0c2e3668cd450f",
                "sha256:361edfa350e3be1f987e592e834594422338d7174364763b7d3de5b0995b16f3",
                "sha256:36d4e7307db7c847fe37413f333027d31c11d5e6b3bacbb5022661ac635942ba",
                "sha256:36ee4297d9e4b34b5dc1dd7ab5d5ea2cbba8511517ef44104d2915a917a56dc8",
                "sha256:380816d298aed32b1a97b4973a4865ef3be402a2e760204509b52b6de79d755d",
                "sha256:3ef584f13820d2629326fe20cc04069c21c5557d84c26e277cfa6235e523b10f",
                "sha256:3fe6e28a8856aea808715f7a4fc11f682b9d29cac5d6262dd8fe4f98edc12d53",
                "sha256:44dba28c34ce527cf687156c81f82bf1e51f047838d5964f6840fd87dfecf9fe",
                "sha256:45fad32448fd214fbe60030aa92f97e64a7140b624290834cc9b27b3a11f9473",
                "sha256:46d4ebafc27081a7f73a0f151d0c38d4291656aa134344ec1f3d0199ebfbb6d4",
                "sha256:49135bb327fca159262d8fd14aa1f4a919fe071b04ed08db4c7c37d2f0647162",
                "sha256:4a98898fdce380c51cc3e38ebc9aa33ae1e078193f4dc641c047f88b8c690c9a",
                "sha256:4eb3197f694dfb0ee6af29ef14a35f30ae94ff67c02076eef8125e2d98963cd0",
                "sha256:51431f6b2750eb9b9d2b2952d3cc9b15d0215e1b8f37b7a3239744d9b487325d",
                "sha256:574b285150afdbf0a0424dddf7ef9a0d183988eb8d22feacb7160f7515e032cb",
                "sha256:57dd4d91b38fa4348e237a9388b4423b24ce9c1695bbd4ba5a3eada491e09399",
                "sha256:59660e15c797a3b7a571c39f8e0b62a1f385f98ae277dfe95ca7eaf05b5a0f12",
                "sha256:5b4fc44f5360784cc02392f14235049665caaf7c0fe0b04d313e763d3338e463",
                "sha256:632a09c6d8af17b678d84df442e9c3ad8e4949c109e48a72f805b22506c4afa7",
                "sha256:637536c07d2fb6a354988b2dd1d00d02eb5dd443f4bbee021ba30881af1c28aa",
                "sha256:651726f37fcbce9f8dd2a6dab0f024807929780621890a4dc0c75432636871be",
                "sha256:6991ee6c43e0480deb1b45d0c7c2bac124a6540cba7db4c36345e8e092da47ce",
                "sha256:6d75fcb00a1537f8b0c0bb05322bc7e35966148ffc3e0362f0369e44a4a1de99",
                "sha256:70b3a46ecd9296e725ccafc17d732bfc3cdab850b54bd913f843a0a54dfb2c04",
                "sha256:786dd8a81b969c2081b31b17b326d3a499ddd1856e06d6d79ad41011a25148da",
                "sha256:7c6160fe513654e65665332740f63de29ce0d165e053c0c14a161fa60dd0da01",
                "sha256:7ebdd96bd637fd426d60e86a29ec14b8c1ab64b8d972f6a020baf08a30d1cf46",
                "sha256:7f18ce33f422d119b13c1363ed4cce245b342b2c5cbbb76753eabf6aa6f69c7d",
                "sha256:80a00370a2ef2159c310e662c7c0f2d030f437f35f478bb8b2f70abd07e26b24",
                "sha256:817fcd3344d2a0b28622722b98500ae9c8bfee0f825b8450932ff19c0b15bebd",
                "sha256:8531ed35dfd1dd2af95f5d02afd6545e8650eedbf8c3d244a554cf47d8924459",
                "sha256:866c12b7c90dd3a86983df7855c6f12f9407c8684db6aa3890fc8027462bda82",
                "sha256:88812b3b257f80444a986b3596e5ea5c4d4ed4276d2b85c153a6fbc5ca457ae7",
                "sha256:8b0f5bab40a16e708e78a0c6ee2425d27e1a5d8135c7a203b4e977cee37eb4aa",
                "sha256:8bacc1a10c150d58e8a9ee2b2037a70f8d903107e0f0b6e079bf494f2d09c091",
                "sha256:8ec8e3aea6146b761d6c57fcf8f81fcb19f187afecc19bf1701a48db9617a217",
                "sha256:8eddb3784aed95d07065bcf94d07e8c04024fdb6b2386f08c197dfe6b3528fda",
                "sha256:9027a7fcf690f1a3635dc9e55e38a0d6602dbbc0548935d08d46d2e7ec91f454",
                "sha256:90dc731d8e3e91bcd456aa7407d2eba7ac6f7860e89f3766baabb521f2c1de4a",
                "sha256:91e2bfb8e9a29f709d51b208dd5f441dc98eb412c8fe75c24ea464734ccdb48e",
                "sha256:95f5728b367a042df146cec4340d75359ec6237beebf4a8f5cf74657c65b9257",
                "sha256:95f7b01b3f275504011cf4cf21c6b885c8d627ce0867a7e83af1382ebab7b3ff",
                "sha256:97cbb368fd0debdbeb6ba5966aa28e9a1ae3396c7386d15569a6ca4be4572b99",
                "sha256:9ec6abfb701437142ce9544bd6a236addaf803a32628d2260eb3dbd9a60e2891",
                "sha256:9fbdb90b85c7624c304f72ec7854659a3bd901e1c0ffb2363163779181edeb68",
                "sha256:a003200b6cd64e89b5725ff7e284a93ab24fd54bbac8b4fa46b1ed57be693c27",
                "sha256:a0741edbd0adfe5f30bba6c5223b78c131b5aa4a00a223d631e5ef36e26e6d13",
                "sha256:a23948554c692df95daed595fdd3b76b420a4939d7a8a28d6d7dea9711878641",
                "sha256:a4bffcadfd40660f26d1b3315a6029fd4f8f5bf31a74160b151f5c577b2dc81b",
                "sha256:a6549ecb0041dafa55b5932dcbb6c68293e0bd5980b5b99f5ebb05f9a3b8a8f3",
                "sha256:a7ad34a2921e8f76716dc7205c9bf46a53817e22b9eec2e8a3e08ee4f4a72468",
                "sha256:abf7b5942c6b0dafcc2823ddd9154f419147e24f8df5b41ca8ea40a6db90615c",
                "sha256:b314268e716487bfb86fcd6f84ebbe3e5bec5fac75fdf42bc7d90fdb33f618ad",
                "sha256:baa1da72aecf6a490b51fba7a51f1ce298a1e0e86d0daef8265c8f8f9848eb77",
                "sha256:bd8fdee945b877aa3bffc6a5a8816deb048dab0544f9df3731ecd0e54d8c84c9",
                "sha256:bdbc78ae2065042de48a65f1421b8af6b76a0386bb487b41955818c3c1ce7bed",
                "sha256:c059883840e634a21c5b31d9b9a0e2b48f991b94d60a811092bc37992715146a",
                "sha256:c1bb37849e2294d519117dd99b613c5177934e5c04a5bb05dd573fa42026567e",
                "sha256:c2a9cb17fd83b7a3a3009901aca828feaf20aa2451a8a487b035455a86549c09",
                "sha256:c7154d228502e18f30f150b7ce94f0789d6b689f75261b623f0fdc1eec642aab",
                "sha256:cdb69710e462a38e6039cf17259d328f86383a06c20482cc154327968712273c",
                "sha256:ceb0d78b7ef106708a7e2c2914afe68efffc0051dc6a731b0dbacd8b4aee6d68",
                "sha256:d14f50d61a89b0925e4d97a0beba6053eb98c426c5815d949a43544f05a0c7ec",
                "sha256:d51a7bfe01a48e1064131f3416a5439872c533d756396be2b39e3977b41430f9",
                "sha256:d9da0289d8201c8a29fd158aaa0dfe2f2e14a181fd45e2dc1fbf969a62c1d594",
                "sha256:e5e33b1491555843ba98d5209439500556ef55b6ab635f3a01148545498355e5",
                "sha256:e76ad4729c2f1cf74b6eb1bdd05f6aba6175999340bd51e6caee49a435a13bf5",
                "sha256:e7eeaef81530d0b74ad0d29eec9997f1c9230c2f27242b8d17e0ee67662c8f6e",
                "sha256:e8e47050412f0ad3a9b2287779758073cbf10e460d9f345002d4779e43bb0136",
                "sha256:ed038a921df836d2f538e509a59cb638df3e70ca0fcd70d0bf389dfcdf784d2a",
                "sha256:edb550616f567cd5603b53bb52a5f842c0171b78852e6fc7e392b02c2a1504bb",
                "sha256:ee7152f32c88e0e1b5b17beb9f0e2b14454235795ef68c0c120b6d3d23d12833",
                "sha256:eeb37f65350d5c5870517f02f8bbb2ac0fbec7b416c0f4875219fef305a89a45",
                "sha256:ef29630fde6022471d287c15c0a2484aba188adbfb978702624ba7a54ddfa6c1",
                "sha256:ef5479fac31df4b304e96400fc67ff08231873ee3537544aa08c30f9d22fce38",
                "sha256:f0019cc804ac667fb8c8eaecdb66e6d4a68acf2e155d5c7d6381a5645bd93ae4",
                "sha256:f0f19c2097fffb1d5b07893d75c9ee693e9cbc809235cf3f2267f0ef6b015f24",
                "sha256:f19dae58b616ac56b96f2e2290f2d18730a898a171f447f491cc059b073ca1fa",
                "sha256:f1f31661a80cc46aba381bed475a9135b213ba23ca7ff6797251af31510920ce",
                "sha256:f2c307fbe86e18ab3c885b7e01de942145f539165c3360e2af0f094dd440acd9",
                "sha256:f32718ee37c07932cc336096dc7403525301fd626349b6eff8470fe0f996d8d7",
                "sha256:f39d1227e8256d19899d953e6e19ed2ccb689102e6d85e024da5acf410f301eb",
                "sha256:f5eeeb82feec1fc5cbafa5ee9022e87ffdb3a8c48afa035b356fcd20fc7f533f",
                "sha256:f92a002462154c176dac63a8f1f6582ab56eb394ef4914d65a9417f5d9fde218",
                "sha256:f9ba5def063243793dec6603ad1392f735255cbc7202a3a484c14f99ec290705",
                "sha256:fc409c18884eaf9ddde516d53af4f2db64a8bc7d81b1a0c274b8aa4e929958e8"
            ],
            "markers": "python_version >= '3.7'",
            "version": "==26.2.1"
        },
        "screeninfo": {
            "hashes": [
                "sha256:9983076bcc7e34402a1a9e4d7dabf3729411fd2abb3f3b4be7eba73519cd2ed1",
                "sha256:e97d6b173856edcfa3bd282f81deb528188aff14b11ec3e195584e7641be733c"
            ],
            "index": "pypi",
            "markers": "python_full_version >= '3.6.2' and python_full_version < '4.0.0'",
            "version": "==0.8.1"
        },
        "stockfish": {
            "hashes": [
                "sha256:8764127c00434aa85b7fca1c064800e7ea907bb3626ccd4b583f0e911b014070",
                "sha256:e432e57112448fe1271dff402db3a4747bf00d1721815ce0a36cfa26582cf360"
            ],
            "index": "pypi",
            "markers": "python_version >= '3.7'",
            "version": "==3.28.0"
        },
        "zmq": {
            "hashes": [
                "sha256:21cfc6be254c9bc25e4dabb8a3b2006a4227966b7b39a637426084c8dc6901f7",
                "sha256:6b1a1de53338646e8c8405803cffb659e8eb7bb02fff4c9be62a7acfac8370c9"
            ],
            "index": "pypi",
            "version": "==0.0.0"
        }
    },
    "develop": {
        "mypy": {
            "hashes": [
                "sha256:1fe816e26e676c1311b9e04fd576543b873576d39439f7c24c8e5c7728391ecf",
                "sha256:2c9d570f53908cbea326ad8f96028a673b814d9dca7515bf71d95fa662c3eb6f",
                "sha256:35b13335c6c46a386577a51f3d38b2b5d14aa619e9633bb756bd77205e4bd09f",
                "sha256:372fd97293ed0076d52695849f59acbbb8461c4ab447858cdaeaf734a396d823",
                "sha256:42170e68adb1603ccdc55a30068f72bcfcde2ce650188e4c1b2a93018b826735",
                "sha256:69b32d0dedd211b80f1b7435644e1ef83033a2af2ac65adcdc87c38db68a86be",
                "sha256:725b57a19b7408ef66a0fd9db59b5d3e528922250fb56e50bded27fea9ff28f0",
                "sha256:769ddb6bfe55c2bd9c7d6d7020885a5ea14289619db7ee650e06b1ef0852c6f4",
                "sha256:79c520aa24f21852206b5ff2cf746dc13020113aa73fa55af504635a96e62718",
                "sha256:84cf9f7d8a8a22bb6a36444480f4cbf089c917a4179fbf7eea003ea931944a7f",
                "sha256:9166186c498170e1ff478a7f540846b2169243feb95bc228d39a67a1a450cdc6",
                "sha256:a2500ad063413bc873ae102cf655bf49889e0763b260a3a7cf544a0cbbf7e70a",
                "sha256:a551ed0fc02455fe2c1fb0145160df8336b90ab80224739627b15ebe2b45e9dc",
                "sha256:ad3109bec37cc33654de8db30fe8ff3a1bb57ea65144167d68185e6dced9868d",
                "sha256:b4ea3a0241cb005b0ccdbd318fb99619b21ae51bcf1660b95fc22e0e7d3ba4a1",
                "sha256:c36011320e452eb30bec38b9fd3ba20569dc9545d7d4540d967f3ea1fab9c374",
                "sha256:c8a7444d6fcac7e2585b10abb91ad900a576da7af8f5cffffbff6065d9115813",
                "sha256:cbf18f8db7e5f060d61c91e334d3b96d6bb624ddc9ee8a1cde407b737acbca2c",
                "sha256:d145b81a8214687cfc1f85c03663a5bbe736777410e5580e54d526e7e904f564",
                "sha256:eec5c927aa4b3e8b4781840f1550079969926d0a22ce38075f6cfcf4b13e3eb4",
                "sha256:f3460f34b3839b9bc84ee3ed65076eb827cd99ed13ed08d723f9083cada4a212",
                "sha256:f3940cf5845b2512b3ab95463198b0cdf87975dfd17fdcc6ce9709a9abe09e69"
            ],
            "index": "pypi",
            "version": "==1.5.0"
        },
        "mypy-extensions": {
            "hashes": [
                "sha256:4392f6c0eb8a5668a69e23d168ffa70f0be9ccfd32b5cc2d26a34ae5b844552d",
                "sha256:75dbf8955dc00442a438fc4d0666508a9a97b6bd41aa2f0ffe9d2f2725af0782"
            ],
            "markers": "python_version >= '3.5'",
            "version": "==1.0.0"
        },
        "ruff": {
            "hashes": [
                "sha256:11417521d6f2d121fda376f0d2169fb529976c544d653d1d6044f4c5562516ee",
                "sha256:11aecd7a633932875ab3cb05a484c99970b9d52606ce9ea912b690b02653d56c",
                "sha256:134f958d52aa6fdec3b294b8ebe2320a950d10c041473c4316d2e7d7c2544723",
                "sha256:18a29f1a005bddb229e580795627d297dfa99f16b30c7039e73278cf6b5f9fa9",
                "sha256:2c746d7d1df64f31d90503ece5cc34d7007c06751a7a3bbeee10e5f2463d52d2",
                "sha256:2e36c61145e70febcb78483903c43444c6b9d40f6d2f800b5552fec6e4a7bb9a",
                "sha256:2f71d09aeba026c922aa7aa19a08d7bd27c867aedb2f74285a2639644c1c12f5",
                "sha256:38840dbcef63948657fa7605ca363194d2fe8c26ce8f9ae12eee7f098c85ac8a",
                "sha256:3d28532d73b1f3f627ba88e1456f50748b37f3a345d2be76e4c653bec6c3e393",
                "sha256:4f7cb2a01da08244c50b20ccfaeb5972e4228c3c3a1989d3ece2bc4b1f996001",
                "sha256:5b9d71c3879eb32de700f2f6fac3d46566f644a91d3130119a6378f9312a38e1",
                "sha256:78cc6067f6d80b6745b67498fb84e87d32c6fc34992b52bffefbdae3442967d6",
                "sha256:96d5c76358419bc63a671caac70c18732d4fd0341646ecd01641ddda5c39ca0b",
                "sha256:d466d2abc05f39018d53f681fa1c0ffe9570e6d73cde1b65d23bb557c846f442",
                "sha256:d56ba06da53536b575fbd2b56517f6f95774ff7be0f62c80b9e67430391eeb36",
                "sha256:de92170dfa50c32a2b8206a647949590e752aca8100a0f6b8cefa02ae29dce80",
                "sha256:deb8304636ed394211f3a6d46c0e7d9535b016f53adaa8340139859b2359a070",
                "sha256:df455000bf59e62b3e8c7ba5ed88a4a2bc64896f900f311dc23ff2dc38156440"
            ],
            "index": "pypi",
            "markers": "python_version >= '3.7'",
            "version": "==0.9.5"
        },
        "typing-extensions": {
            "hashes": [
                "sha256:04e5ca0351e0f3f85c6853954072df659d0d13fac324d0072316b67d7794700d",
                "sha256:1a7ead55c7e559dd4dee8856e3a88b41225abfe1ce8df57b7c13915fe121ffb8"
            ],
            "markers": "python_version >= '3.8'",
            "version": "==4.12.2"
        }
    }
}
